
Microsoft Visual Studio Solution File, Format Version 12.00
# Visual Studio Version 17
VisualStudioVersion = 17.14.36221.1 d17.14
MinimumVisualStudioVersion = 10.0.40219.1
Project("{FAE04EC0-301F-11D3-BF4B-00C04F79EFBC}") = "OrderDeliveryApp.Web", "OrderDeliveryApp.Web.csproj", "{9AD12A71-6825-47CF-95C9-AE2741FCE325}"
EndProject
Project("{FAE04EC0-301F-11D3-BF4B-00C04F79EFBC}") = "OrderDeliveryApp.Infrastructure", "..\OrderDeliveryApp.Infrastructure\OrderDeliveryApp.Infrastructure.csproj", "{A521974C-88AE-92C3-A68B-2B9969D57B32}"
EndProject
Project("{FAE04EC0-301F-11D3-BF4B-00C04F79EFBC}") = "OrderDeliveryApp.Core", "..\OrderDeliveryApp.Core\OrderDeliveryApp.Core.csproj", "{21464B3F-1E2F-E024-8AB1-8B97C2B9713A}"
EndProject
Global
	GlobalSection(SolutionConfigurationPlatforms) = preSolution
		Debug|Any CPU = Debug|Any CPU
		Release|Any CPU = Release|Any CPU
	EndGlobalSection
	GlobalSection(ProjectConfigurationPlatforms) = postSolution
		{9AD12A71-6825-47CF-95C9-AE2741FCE325}.Debug|Any CPU.ActiveCfg = Debug|Any CPU
		{9AD12A71-6825-47CF-95C9-AE2741FCE325}.Debug|Any CPU.Build.0 = Debug|Any CPU
		{9AD12A71-6825-47CF-95C9-AE2741FCE325}.Release|Any CPU.ActiveCfg = Release|Any CPU
		{9AD12A71-6825-47CF-95C9-AE2741FCE325}.Release|Any CPU.Build.0 = Release|Any CPU
		{A521974C-88AE-92C3-A68B-2B9969D57B32}.Debug|Any CPU.ActiveCfg = Debug|Any CPU
		{A521974C-88AE-92C3-A68B-2B9969D57B32}.Debug|Any CPU.Build.0 = Debug|Any CPU
		{A521974C-88AE-92C3-A68B-2B9969D57B32}.Release|Any CPU.ActiveCfg = Release|Any CPU
		{A521974C-88AE-92C3-A68B-2B9969D57B32}.Release|Any CPU.Build.0 = Release|Any CPU
		{21464B3F-1E2F-E024-8AB1-8B97C2B9713A}.Debug|Any CPU.ActiveCfg = Debug|Any CPU
		{21464B3F-1E2F-E024-8AB1-8B97C2B9713A}.Debug|Any CPU.Build.0 = Debug|Any CPU
		{21464B3F-1E2F-E024-8AB1-8B97C2B9713A}.Release|Any CPU.ActiveCfg = Release|Any CPU
		{21464B3F-1E2F-E024-8AB1-8B97C2B9713A}.Release|Any CPU.Build.0 = Release|Any CPU
	EndGlobalSection
	GlobalSection(SolutionProperties) = preSolution
		HideSolutionNode = FALSE
	EndGlobalSection
	GlobalSection(ExtensibilityGlobals) = postSolution
		SolutionGuid = {66EB7DEC-F609-426B-927E-3AC7EDDC5246}
	EndGlobalSection
EndGlobal
